// !$*UTF8*$!
{
	archiveVersion = 1;
	classes = {
	};
	objectVersion = 55;
	objects = {

/* Begin PBXBuildFile section */
		2177B07D2778F6B10074D1AA /* LearningApp.swift in Sources */ = {isa = PBXBuildFile; fileRef = 2177B07C2778F6B10074D1AA /* LearningApp.swift */; };
		2177B07F2778F6B10074D1AA /* HomeView.swift in Sources */ = {isa = PBXBuildFile; fileRef = 2177B07E2778F6B10074D1AA /* HomeView.swift */; };
		2177B0812778F6B50074D1AA /* Assets.xcassets in Resources */ = {isa = PBXBuildFile; fileRef = 2177B0802778F6B50074D1AA /* Assets.xcassets */; };
		2177B0842778F6B50074D1AA /* Preview Assets.xcassets in Resources */ = {isa = PBXBuildFile; fileRef = 2177B0832778F6B50074D1AA /* Preview Assets.xcassets */; };
		2177B090277A0B910074D1AA /* ContentModel.swift in Sources */ = {isa = PBXBuildFile; fileRef = 2177B08F277A0B910074D1AA /* ContentModel.swift */; };
		2177B093277A118E0074D1AA /* style.html in Resources */ = {isa = PBXBuildFile; fileRef = 2177B091277A118E0074D1AA /* style.html */; };
		2177B094277A118E0074D1AA /* data.json in Resources */ = {isa = PBXBuildFile; fileRef = 2177B092277A118E0074D1AA /* data.json */; };
		2177B096277A13840074D1AA /* Models.swift in Sources */ = {isa = PBXBuildFile; fileRef = 2177B095277A13840074D1AA /* Models.swift */; };
		2177B098277A40910074D1AA /* HomeViewRow.swift in Sources */ = {isa = PBXBuildFile; fileRef = 2177B097277A40910074D1AA /* HomeViewRow.swift */; };
		2192699C277B6E0F00EBB812 /* ContentDetailView.swift in Sources */ = {isa = PBXBuildFile; fileRef = 2192699B277B6E0F00EBB812 /* ContentDetailView.swift */; };
		2192699F277B722900EBB812 /* AVKit.framework in Frameworks */ = {isa = PBXBuildFile; fileRef = 2192699E277B722900EBB812 /* AVKit.framework */; };
		219269A1277B73DF00EBB812 /* GlobalConstants.swift in Sources */ = {isa = PBXBuildFile; fileRef = 219269A0277B73DF00EBB812 /* GlobalConstants.swift */; };
		219269A5277B954700EBB812 /* HTMLStringView.swift in Sources */ = {isa = PBXBuildFile; fileRef = 219269A4277B954600EBB812 /* HTMLStringView.swift */; };
		219269C3277CCB7B00EBB812 /* RectangleCard.swift in Sources */ = {isa = PBXBuildFile; fileRef = 219269C2277CCB7B00EBB812 /* RectangleCard.swift */; };
		21A620DD277A60A9007C6DDF /* ContentView.swift in Sources */ = {isa = PBXBuildFile; fileRef = 21A620DC277A60A9007C6DDF /* ContentView.swift */; };
		21A620DF277A773C007C6DDF /* ContentViewRow.swift in Sources */ = {isa = PBXBuildFile; fileRef = 21A620DE277A773C007C6DDF /* ContentViewRow.swift */; };
/* End PBXBuildFile section */

/* Begin PBXFileReference section */
		2177B0792778F6B10074D1AA /* Learning.app */ = {isa = PBXFileReference; explicitFileType = wrapper.application; includeInIndex = 0; path = Learning.app; sourceTree = BUILT_PRODUCTS_DIR; };
		2177B07C2778F6B10074D1AA /* LearningApp.swift */ = {isa = PBXFileReference; lastKnownFileType = sourcecode.swift; path = LearningApp.swift; sourceTree = "<group>"; };
		2177B07E2778F6B10074D1AA /* HomeView.swift */ = {isa = PBXFileReference; lastKnownFileType = sourcecode.swift; path = HomeView.swift; sourceTree = "<group>"; };
		2177B0802778F6B50074D1AA /* Assets.xcassets */ = {isa = PBXFileReference; lastKnownFileType = folder.assetcatalog; path = Assets.xcassets; sourceTree = "<group>"; };
		2177B0832778F6B50074D1AA /* Preview Assets.xcassets */ = {isa = PBXFileReference; lastKnownFileType = folder.assetcatalog; path = "Preview Assets.xcassets"; sourceTree = "<group>"; };
		2177B08F277A0B910074D1AA /* ContentModel.swift */ = {isa = PBXFileReference; lastKnownFileType = sourcecode.swift; path = ContentModel.swift; sourceTree = "<group>"; };
		2177B091277A118E0074D1AA /* style.html */ = {isa = PBXFileReference; fileEncoding = 4; lastKnownFileType = text.html; path = style.html; sourceTree = "<group>"; };
		2177B092277A118E0074D1AA /* data.json */ = {isa = PBXFileReference; fileEncoding = 4; lastKnownFileType = text.json; path = data.json; sourceTree = "<group>"; };
		2177B095277A13840074D1AA /* Models.swift */ = {isa = PBXFileReference; lastKnownFileType = sourcecode.swift; path = Models.swift; sourceTree = "<group>"; };
		2177B097277A40910074D1AA /* HomeViewRow.swift */ = {isa = PBXFileReference; lastKnownFileType = sourcecode.swift; path = HomeViewRow.swift; sourceTree = "<group>"; };
		2192699B277B6E0F00EBB812 /* ContentDetailView.swift */ = {isa = PBXFileReference; lastKnownFileType = sourcecode.swift; path = ContentDetailView.swift; sourceTree = "<group>"; };
		2192699E277B722900EBB812 /* AVKit.framework */ = {isa = PBXFileReference; lastKnownFileType = wrapper.framework; name = AVKit.framework; path = System/Library/Frameworks/AVKit.framework; sourceTree = SDKROOT; };
		219269A0277B73DF00EBB812 /* GlobalConstants.swift */ = {isa = PBXFileReference; lastKnownFileType = sourcecode.swift; path = GlobalConstants.swift; sourceTree = "<group>"; };
		219269A4277B954600EBB812 /* HTMLStringView.swift */ = {isa = PBXFileReference; lastKnownFileType = sourcecode.swift; path = HTMLStringView.swift; sourceTree = "<group>"; };
		219269C2277CCB7B00EBB812 /* RectangleCard.swift */ = {isa = PBXFileReference; lastKnownFileType = sourcecode.swift; path = RectangleCard.swift; sourceTree = "<group>"; };
		21A620DC277A60A9007C6DDF /* ContentView.swift */ = {isa = PBXFileReference; lastKnownFileType = sourcecode.swift; path = ContentView.swift; sourceTree = "<group>"; };
		21A620DE277A773C007C6DDF /* ContentViewRow.swift */ = {isa = PBXFileReference; lastKnownFileType = sourcecode.swift; path = ContentViewRow.swift; sourceTree = "<group>"; };
/* End PBXFileReference section */

/* Begin PBXFrameworksBuildPhase section */
		2177B0762778F6B10074D1AA /* Frameworks */ = {
			isa = PBXFrameworksBuildPhase;
			buildActionMask = 2147483647;
			files = (
				2192699F277B722900EBB812 /* AVKit.framework in Frameworks */,
			);
			runOnlyForDeploymentPostprocessing = 0;
		};
/* End PBXFrameworksBuildPhase section */

/* Begin PBXGroup section */
		2177B0702778F6B10074D1AA = {
			isa = PBXGroup;
			children = (
				2177B07B2778F6B10074D1AA /* Learning */,
				2177B07A2778F6B10074D1AA /* Products */,
				2192699D277B722900EBB812 /* Frameworks */,
			);
			sourceTree = "<group>";
		};
		2177B07A2778F6B10074D1AA /* Products */ = {
			isa = PBXGroup;
			children = (
				2177B0792778F6B10074D1AA /* Learning.app */,
			);
			name = Products;
			sourceTree = "<group>";
		};
		2177B07B2778F6B10074D1AA /* Learning */ = {
			isa = PBXGroup;
			children = (
				2177B07C2778F6B10074D1AA /* LearningApp.swift */,
				2177B08E2778F6F10074D1AA /* Utils */,
				2177B08D2778F6E00074D1AA /* Resources */,
				2177B08C2778F6CF0074D1AA /* ViewModel */,
				2177B08B2778F6C70074D1AA /* Views */,
				2177B08A2778F6BE0074D1AA /* Model */,
				2177B0802778F6B50074D1AA /* Assets.xcassets */,
				2177B0822778F6B50074D1AA /* Preview Content */,
			);
			path = Learning;
			sourceTree = "<group>";
		};
		2177B0822778F6B50074D1AA /* Preview Content */ = {
			isa = PBXGroup;
			children = (
				2177B0832778F6B50074D1AA /* Preview Assets.xcassets */,
			);
			path = "Preview Content";
			sourceTree = "<group>";
		};
		2177B08A2778F6BE0074D1AA /* Model */ = {
			isa = PBXGroup;
			children = (
				2177B095277A13840074D1AA /* Models.swift */,
			);
			path = Model;
			sourceTree = "<group>";
		};
		2177B08B2778F6C70074D1AA /* Views */ = {
			isa = PBXGroup;
			children = (
				2177B07E2778F6B10074D1AA /* HomeView.swift */,
				2177B097277A40910074D1AA /* HomeViewRow.swift */,
				21A620DC277A60A9007C6DDF /* ContentView.swift */,
				21A620DE277A773C007C6DDF /* ContentViewRow.swift */,
				2192699B277B6E0F00EBB812 /* ContentDetailView.swift */,
				219269A4277B954600EBB812 /* HTMLStringView.swift */,
				219269C2277CCB7B00EBB812 /* RectangleCard.swift */,
			);
			path = Views;
			sourceTree = "<group>";
		};
		2177B08C2778F6CF0074D1AA /* ViewModel */ = {
			isa = PBXGroup;
			children = (
				2177B08F277A0B910074D1AA /* ContentModel.swift */,
			);
			path = ViewModel;
			sourceTree = "<group>";
		};
		2177B08D2778F6E00074D1AA /* Resources */ = {
			isa = PBXGroup;
			children = (
				2177B092277A118E0074D1AA /* data.json */,
				2177B091277A118E0074D1AA /* style.html */,
				219269A0277B73DF00EBB812 /* GlobalConstants.swift */,
			);
			path = Resources;
			sourceTree = "<group>";
		};
		2177B08E2778F6F10074D1AA /* Utils */ = {
			isa = PBXGroup;
			children = (
			);
			path = Utils;
			sourceTree = "<group>";
		};
		2192699D277B722900EBB812 /* Frameworks */ = {
			isa = PBXGroup;
			children = (
				2192699E277B722900EBB812 /* AVKit.framework */,
			);
			name = Frameworks;
			sourceTree = "<group>";
		};
/* End PBXGroup section */

/* Begin PBXNativeTarget section */
		2177B0782778F6B10074D1AA /* Learning */ = {
			isa = PBXNativeTarget;
			buildConfigurationList = 2177B0872778F6B50074D1AA /* Build configuration list for PBXNativeTarget "Learning" */;
			buildPhases = (
				2177B0752778F6B10074D1AA /* Sources */,
				2177B0762778F6B10074D1AA /* Frameworks */,
				2177B0772778F6B10074D1AA /* Resources */,
			);
			buildRules = (
			);
			dependencies = (
			);
			name = Learning;
			productName = Learning;
			productReference = 2177B0792778F6B10074D1AA /* Learning.app */;
			productType = "com.apple.product-type.application";
		};
/* End PBXNativeTarget section */

/* Begin PBXProject section */
		2177B0712778F6B10074D1AA /* Project object */ = {
			isa = PBXProject;
			attributes = {
				BuildIndependentTargetsInParallel = 1;
				LastSwiftUpdateCheck = 1320;
				LastUpgradeCheck = 1320;
				TargetAttributes = {
					2177B0782778F6B10074D1AA = {
						CreatedOnToolsVersion = 13.2.1;
					};
				};
			};
			buildConfigurationList = 2177B0742778F6B10074D1AA /* Build configuration list for PBXProject "Learning" */;
			compatibilityVersion = "Xcode 13.0";
			developmentRegion = en;
			hasScannedForEncodings = 0;
			knownRegions = (
				en,
				Base,
			);
			mainGroup = 2177B0702778F6B10074D1AA;
			productRefGroup = 2177B07A2778F6B10074D1AA /* Products */;
			projectDirPath = "";
			projectRoot = "";
			targets = (
				2177B0782778F6B10074D1AA /* Learning */,
			);
		};
/* End PBXProject section */

/* Begin PBXResourcesBuildPhase section */
		2177B0772778F6B10074D1AA /* Resources */ = {
			isa = PBXResourcesBuildPhase;
			buildActionMask = 2147483647;
			files = (
				2177B093277A118E0074D1AA /* style.html in Resources */,
				2177B0842778F6B50074D1AA /* Preview Assets.xcassets in Resources */,
				2177B0812778F6B50074D1AA /* Assets.xcassets in Resources */,
				2177B094277A118E0074D1AA /* data.json in Resources */,
			);
			runOnlyForDeploymentPostprocessing = 0;
		};
/* End PBXResourcesBuildPhase section */

/* Begin PBXSourcesBuildPhase section */
		2177B0752778F6B10074D1AA /* Sources */ = {
			isa = PBXSourcesBuildPhase;
			buildActionMask = 2147483647;
			files = (
				2177B07F2778F6B10074D1AA /* HomeView.swift in Sources */,
				219269A1277B73DF00EBB812 /* GlobalConstants.swift in Sources */,
				2177B098277A40910074D1AA /* HomeViewRow.swift in Sources */,
				21A620DD277A60A9007C6DDF /* ContentView.swift in Sources */,
				2192699C277B6E0F00EBB812 /* ContentDetailView.swift in Sources */,
				2177B07D2778F6B10074D1AA /* LearningApp.swift in Sources */,
				219269A5277B954700EBB812 /* HTMLStringView.swift in Sources */,
				21A620DF277A773C007C6DDF /* ContentViewRow.swift in Sources */,
				2177B090277A0B910074D1AA /* ContentModel.swift in Sources */,
				219269C3277CCB7B00EBB812 /* RectangleCard.swift in Sources */,
				2177B096277A13840074D1AA /* Models.swift in Sources */,
			);
			runOnlyForDeploymentPostprocessing = 0;
		};
/* End PBXSourcesBuildPhase section */

/* Begin XCBuildConfiguration section */
		2177B0852778F6B50074D1AA /* Debug */ = {
			isa = XCBuildConfiguration;
			buildSettings = {
				ALWAYS_SEARCH_USER_PATHS = NO;
				CLANG_ANALYZER_NONNULL = YES;
				CLANG_ANALYZER_NUMBER_OBJECT_CONVERSION = YES_AGGRESSIVE;
				CLANG_CXX_LANGUAGE_STANDARD = "gnu++17";
				CLANG_CXX_LIBRARY = "libc++";
				CLANG_ENABLE_MODULES = YES;
				CLANG_ENABLE_OBJC_ARC = YES;
				CLANG_ENABLE_OBJC_WEAK = YES;
				CLANG_WARN_BLOCK_CAPTURE_AUTORELEASING = YES;
				CLANG_WARN_BOOL_CONVERSION = YES;
				CLANG_WARN_COMMA = YES;
				CLANG_WARN_CONSTANT_CONVERSION = YES;
				CLANG_WARN_DEPRECATED_OBJC_IMPLEMENTATIONS = YES;
				CLANG_WARN_DIRECT_OBJC_ISA_USAGE = YES_ERROR;
				CLANG_WARN_DOCUMENTATION_COMMENTS = YES;
				CLANG_WARN_EMPTY_BODY = YES;
				CLANG_WARN_ENUM_CONVERSION = YES;
				CLANG_WARN_INFINITE_RECURSION = YES;
				CLANG_WARN_INT_CONVERSION = YES;
				CLANG_WARN_NON_LITERAL_NULL_CONVERSION = YES;
				CLANG_WARN_OBJC_IMPLICIT_RETAIN_SELF = YES;
				CLANG_WARN_OBJC_LITERAL_CONVERSION = YES;
				CLANG_WARN_OBJC_ROOT_CLASS = YES_ERROR;
				CLANG_WARN_QUOTED_INCLUDE_IN_FRAMEWORK_HEADER = YES;
				CLANG_WARN_RANGE_LOOP_ANALYSIS = YES;
				CLANG_WARN_STRICT_PROTOTYPES = YES;
				CLANG_WARN_SUSPICIOUS_MOVE = YES;
				CLANG_WARN_UNGUARDED_AVAILABILITY = YES_AGGRESSIVE;
				CLANG_WARN_UNREACHABLE_CODE = YES;
				CLANG_WARN__DUPLICATE_METHOD_MATCH = YES;
				COPY_PHASE_STRIP = NO;
				DEBUG_INFORMATION_FORMAT = dwarf;
				ENABLE_STRICT_OBJC_MSGSEND = YES;
				ENABLE_TESTABILITY = YES;
				GCC_C_LANGUAGE_STANDARD = gnu11;
				GCC_DYNAMIC_NO_PIC = NO;
				GCC_NO_COMMON_BLOCKS = YES;
				GCC_OPTIMIZATION_LEVEL = 0;
				GCC_PREPROCESSOR_DEFINITIONS = (
					"DEBUG=1",
					"$(inherited)",
				);
				GCC_WARN_64_TO_32_BIT_CONVERSION = YES;
				GCC_WARN_ABOUT_RETURN_TYPE = YES_ERROR;
				GCC_WARN_UNDECLARED_SELECTOR = YES;
				GCC_WARN_UNINITIALIZED_AUTOS = YES_AGGRESSIVE;
				GCC_WARN_UNUSED_FUNCTION = YES;
				GCC_WARN_UNUSED_VARIABLE = YES;
				IPHONEOS_DEPLOYMENT_TARGET = 15.2;
				MTL_ENABLE_DEBUG_INFO = INCLUDE_SOURCE;
				MTL_FAST_MATH = YES;
				ONLY_ACTIVE_ARCH = YES;
				SDKROOT = iphoneos;
				SWIFT_ACTIVE_COMPILATION_CONDITIONS = DEBUG;
				SWIFT_OPTIMIZATION_LEVEL = "-Onone";
			};
			name = Debug;
		};
		2177B0862778F6B50074D1AA /* Release */ = {
			isa = XCBuildConfiguration;
			buildSettings = {
				ALWAYS_SEARCH_USER_PATHS = NO;
				CLANG_ANALYZER_NONNULL = YES;
				CLANG_ANALYZER_NUMBER_OBJECT_CONVERSION = YES_AGGRESSIVE;
				CLANG_CXX_LANGUAGE_STANDARD = "gnu++17";
				CLANG_CXX_LIBRARY = "libc++";
				CLANG_ENABLE_MODULES = YES;
				CLANG_ENABLE_OBJC_ARC = YES;
				CLANG_ENABLE_OBJC_WEAK = YES;
				CLANG_WARN_BLOCK_CAPTURE_AUTORELEASING = YES;
				CLANG_WARN_BOOL_CONVERSION = YES;
				CLANG_WARN_COMMA = YES;
				CLANG_WARN_CONSTANT_CONVERSION = YES;
				CLANG_WARN_DEPRECATED_OBJC_IMPLEMENTATIONS = YES;
				CLANG_WARN_DIRECT_OBJC_ISA_USAGE = YES_ERROR;
				CLANG_WARN_DOCUMENTATION_COMMENTS = YES;
				CLANG_WARN_EMPTY_BODY = YES;
				CLANG_WARN_ENUM_CONVERSION = YES;
				CLANG_WARN_INFINITE_RECURSION = YES;
				CLANG_WARN_INT_CONVERSION = YES;
				CLANG_WARN_NON_LITERAL_NULL_CONVERSION = YES;
				CLANG_WARN_OBJC_IMPLICIT_RETAIN_SELF = YES;
				CLANG_WARN_OBJC_LITERAL_CONVERSION = YES;
				CLANG_WARN_OBJC_ROOT_CLASS = YES_ERROR;
				CLANG_WARN_QUOTED_INCLUDE_IN_FRAMEWORK_HEADER = YES;
				CLANG_WARN_RANGE_LOOP_ANALYSIS = YES;
				CLANG_WARN_STRICT_PROTOTYPES = YES;
				CLANG_WARN_SUSPICIOUS_MOVE = YES;
				CLANG_WARN_UNGUARDED_AVAILABILITY = YES_AGGRESSIVE;
				CLANG_WARN_UNREACHABLE_CODE = YES;
				CLANG_WARN__DUPLICATE_METHOD_MATCH = YES;
				COPY_PHASE_STRIP = NO;
				DEBUG_INFORMATION_FORMAT = "dwarf-with-dsym";
				ENABLE_NS_ASSERTIONS = NO;
				ENABLE_STRICT_OBJC_MSGSEND = YES;
				GCC_C_LANGUAGE_STANDARD = gnu11;
				GCC_NO_COMMON_BLOCKS = YES;
				GCC_WARN_64_TO_32_BIT_CONVERSION = YES;
				GCC_WARN_ABOUT_RETURN_TYPE = YES_ERROR;
				GCC_WARN_UNDECLARED_SELECTOR = YES;
				GCC_WARN_UNINITIALIZED_AUTOS = YES_AGGRESSIVE;
				GCC_WARN_UNUSED_FUNCTION = YES;
				GCC_WARN_UNUSED_VARIABLE = YES;
				IPHONEOS_DEPLOYMENT_TARGET = 15.2;
				MTL_ENABLE_DEBUG_INFO = NO;
				MTL_FAST_MATH = YES;
				SDKROOT = iphoneos;
				SWIFT_COMPILATION_MODE = wholemodule;
				SWIFT_OPTIMIZATION_LEVEL = "-O";
				VALIDATE_PRODUCT = YES;
			};
			name = Release;
		};
		2177B0882778F6B50074D1AA /* Debug */ = {
			isa = XCBuildConfiguration;
			buildSettings = {
				ASSETCATALOG_COMPILER_APPICON_NAME = AppIcon;
				ASSETCATALOG_COMPILER_GLOBAL_ACCENT_COLOR_NAME = AccentColor;
				CODE_SIGN_STYLE = Automatic;
				CURRENT_PROJECT_VERSION = 1;
				DEVELOPMENT_ASSET_PATHS = "\"Learning/Preview Content\"";
				DEVELOPMENT_TEAM = S9X3768P26;
				ENABLE_PREVIEWS = YES;
				GENERATE_INFOPLIST_FILE = YES;
				INFOPLIST_KEY_UIApplicationSceneManifest_Generation = YES;
				INFOPLIST_KEY_UIApplicationSupportsIndirectInputEvents = YES;
				INFOPLIST_KEY_UILaunchScreen_Generation = YES;
				INFOPLIST_KEY_UISupportedInterfaceOrientations_iPad = "UIInterfaceOrientationPortrait UIInterfaceOrientationPortraitUpsideDown UIInterfaceOrientationLandscapeLeft UIInterfaceOrientationLandscapeRight";
				INFOPLIST_KEY_UISupportedInterfaceOrientations_iPhone = "UIInterfaceOrientationPortrait UIInterfaceOrientationLandscapeLeft UIInterfaceOrientationLandscapeRight";
				LD_RUNPATH_SEARCH_PATHS = (
					"$(inherited)",
					"@executable_path/Frameworks",
				);
				MARKETING_VERSION = 1.0;
				PRODUCT_BUNDLE_IDENTIFIER = com.FlyOverSol.Learning;
				PRODUCT_NAME = "$(TARGET_NAME)";
				SWIFT_EMIT_LOC_STRINGS = YES;
				SWIFT_VERSION = 5.0;
				TARGETED_DEVICE_FAMILY = "1,2";
			};
			name = Debug;
		};
		2177B0892778F6B50074D1AA /* Release */ = {
			isa = XCBuildConfiguration;
			buildSettings = {
				ASSETCATALOG_COMPILER_APPICON_NAME = AppIcon;
				ASSETCATALOG_COMPILER_GLOBAL_ACCENT_COLOR_NAME = AccentColor;
				CODE_SIGN_STYLE = Automatic;
				CURRENT_PROJECT_VERSION = 1;
				DEVELOPMENT_ASSET_PATHS = "\"Learning/Preview Content\"";
				DEVELOPMENT_TEAM = S9X3768P26;
				ENABLE_PREVIEWS = YES;
				GENERATE_INFOPLIST_FILE = YES;
				INFOPLIST_KEY_UIApplicationSceneManifest_Generation = YES;
				INFOPLIST_KEY_UIApplicationSupportsIndirectInputEvents = YES;
				INFOPLIST_KEY_UILaunchScreen_Generation = YES;
				INFOPLIST_KEY_UISupportedInterfaceOrientations_iPad = "UIInterfaceOrientationPortrait UIInterfaceOrientationPortraitUpsideDown UIInterfaceOrientationLandscapeLeft UIInterfaceOrientationLandscapeRight";
				INFOPLIST_KEY_UISupportedInterfaceOrientations_iPhone = "UIInterfaceOrientationPortrait UIInterfaceOrientationLandscapeLeft UIInterfaceOrientationLandscapeRight";
				LD_RUNPATH_SEARCH_PATHS = (
					"$(inherited)",
					"@executable_path/Frameworks",
				);
				MARKETING_VERSION = 1.0;
				PRODUCT_BUNDLE_IDENTIFIER = com.FlyOverSol.Learning;
				PRODUCT_NAME = "$(TARGET_NAME)";
				SWIFT_EMIT_LOC_STRINGS = YES;
				SWIFT_VERSION = 5.0;
				TARGETED_DEVICE_FAMILY = "1,2";
			};
			name = Release;
		};
/* End XCBuildConfiguration section */

/* Begin XCConfigurationList section */
		2177B0742778F6B10074D1AA /* Build configuration list for PBXProject "Learning" */ = {
			isa = XCConfigurationList;
			buildConfigurations = (
				2177B0852778F6B50074D1AA /* Debug */,
				2177B0862778F6B50074D1AA /* Release */,
			);
			defaultConfigurationIsVisible = 0;
			defaultConfigurationName = Release;
		};
		2177B0872778F6B50074D1AA /* Build configuration list for PBXNativeTarget "Learning" */ = {
			isa = XCConfigurationList;
			buildConfigurations = (
				2177B0882778F6B50074D1AA /* Debug */,
				2177B0892778F6B50074D1AA /* Release */,
			);
			defaultConfigurationIsVisible = 0;
			defaultConfigurationName = Release;
		};
/* End XCConfigurationList section */
	};
	rootObject = 2177B0712778F6B10074D1AA /* Project object */;
}
